<?xml version="1.0" encoding="utf-8"?>
<Project ToolsVersion="4.0" xmlns="http://schemas.microsoft.com/developer/msbuild/2003">
  <ItemGroup>
    <Filter Include="Main">
      <UniqueIdentifier>{699f7ff5-cefa-4e78-ab85-7402ee450473}</UniqueIdentifier>
    </Filter>
    <Filter Include="Keyboard">
      <UniqueIdentifier>{4b0dbbef-2d1a-475b-aa15-216fa7772106}</UniqueIdentifier>
    </Filter>
    <Filter Include="Scheduler">
      <UniqueIdentifier>{e6cdbf00-1370-4dd3-ac20-df23f72ce364}</UniqueIdentifier>
    </Filter>
    <Filter Include="Memory">
      <UniqueIdentifier>{f51c9314-0a7c-4c23-ab83-2e00da97dc4f}</UniqueIdentifier>
    </Filter>
    <Filter Include="AbstractScreen">
      <UniqueIdentifier>{b3efccb4-e2c5-4f5a-b680-e05c2b6611f4}</UniqueIdentifier>
    </Filter>
    <Filter Include="ConsoleScreen">
      <UniqueIdentifier>{52d61b31-171c-4ac6-a6ca-3ae8ae71c2f1}</UniqueIdentifier>
    </Filter>
    <Filter Include="Process">
      <UniqueIdentifier>{3b3dbdd7-4918-41bb-9da2-c7a8b8d5a5a7}</UniqueIdentifier>
    </Filter>
    <Filter Include="Command">
      <UniqueIdentifier>{6fef1cf0-81b3-48f0-8c1e-554dfd4f5811}</UniqueIdentifier>
    </Filter>
  </ItemGroup>
  <ItemGroup>
    <ClCompile Include="main.cpp">
      <Filter>Main</Filter>
    </ClCompile>
    <ClCompile Include="ConsoleManager.cpp">
      <Filter>Main</Filter>
    </ClCompile>
    <ClCompile Include="AConsole.cpp">
      <Filter>AbstractScreen</Filter>
    </ClCompile>
    <ClCompile Include="BaseScreen.cpp">
      <Filter>AbstractScreen</Filter>
    </ClCompile>
    <ClCompile Include="MainConsole.cpp">
      <Filter>ConsoleScreen</Filter>
    </ClCompile>
    <ClCompile Include="MarqueeConsole.cpp">
      <Filter>ConsoleScreen</Filter>
    </ClCompile>
    <ClCompile Include="InputManager.cpp">
      <Filter>Keyboard</Filter>
    </ClCompile>
    <ClCompile Include="Process.cpp">
      <Filter>Process</Filter>
    </ClCompile>
    <ClCompile Include="AScheduler.cpp">
      <Filter>Scheduler</Filter>
    </ClCompile>
    <ClCompile Include="FCFSScheduler.cpp">
      <Filter>Scheduler</Filter>
    </ClCompile>
    <ClCompile Include="GlobalScheduler.cpp">
      <Filter>Scheduler</Filter>
    </ClCompile>
    <ClCompile Include="PrintCommand.cpp">
      <Filter>Command</Filter>
    </ClCompile>
    <ClCompile Include="IETThread.cpp">
      <Filter>Scheduler</Filter>
    </ClCompile>
    <ClCompile Include="SchedulerWorker.cpp">
      <Filter>Scheduler</Filter>
    </ClCompile>
  </ItemGroup>
  <ItemGroup>
    <ClInclude Include="ConsoleManager.h">
      <Filter>Main</Filter>
    </ClInclude>
    <ClInclude Include="AConsole.h">
      <Filter>AbstractScreen</Filter>
    </ClInclude>
    <ClInclude Include="BaseScreen.h">
      <Filter>AbstractScreen</Filter>
    </ClInclude>
    <ClInclude Include="MainConsole.h">
      <Filter>ConsoleScreen</Filter>
    </ClInclude>
    <ClInclude Include="MarqueeConsole.h">
      <Filter>ConsoleScreen</Filter>
    </ClInclude>
    <ClInclude Include="InputManager.h">
      <Filter>Keyboard</Filter>
    </ClInclude>
    <ClInclude Include="Process.h">
      <Filter>Process</Filter>
    </ClInclude>
    <ClInclude Include="TypedefRepo.h">
      <Filter>Main</Filter>
    </ClInclude>
    <ClInclude Include="AScheduler.h">
      <Filter>Scheduler</Filter>
    </ClInclude>
    <ClInclude Include="FCFSScheduler.h">
      <Filter>Scheduler</Filter>
    </ClInclude>
    <ClInclude Include="GlobalScheduler.h">
      <Filter>Scheduler</Filter>
    </ClInclude>
    <ClInclude Include="ICommand.h">
      <Filter>Command</Filter>
    </ClInclude>
    <ClInclude Include="PrintCommand.h">
      <Filter>Command</Filter>
    </ClInclude>
    <ClInclude Include="IETThread.h">
      <Filter>Scheduler</Filter>
    </ClInclude>
    <ClInclude Include="SchedulerWorker.h">
      <Filter>Scheduler</Filter>
    </ClInclude>
  </ItemGroup>
</Project>